
Microsoft Visual Studio Solution File, Format Version 12.00
# Visual Studio Version 16
VisualStudioVersion = 16.0.31613.86
MinimumVisualStudioVersion = 10.0.40219.1
Project("{FAE04EC0-301F-11D3-BF4B-00C04F79EFBC}") = "Name Project", "Name Project\Name Project.csproj", "{D7CE2EF1-E0F1-4A11-8E93-D5B1F3147788}"
EndProject
Global
	GlobalSection(SolutionConfigurationPlatforms) = preSolution
		Debug|Any CPU = Debug|Any CPU
		Release|Any CPU = Release|Any CPU
	EndGlobalSection
	GlobalSection(ProjectConfigurationPlatforms) = postSolution
		{D7CE2EF1-E0F1-4A11-8E93-D5B1F3147788}.Debug|Any CPU.ActiveCfg = Debug|Any CPU
		{D7CE2EF1-E0F1-4A11-8E93-D5B1F3147788}.Debug|Any CPU.Build.0 = Debug|Any CPU
		{D7CE2EF1-E0F1-4A11-8E93-D5B1F3147788}.Release|Any CPU.ActiveCfg = Release|Any CPU
		{D7CE2EF1-E0F1-4A11-8E93-D5B1F3147788}.Release|Any CPU.Build.0 = Release|Any CPU
	EndGlobalSection
	GlobalSection(SolutionProperties) = preSolution
		HideSolutionNode = FALSE
	EndGlobalSection
	GlobalSection(ExtensibilityGlobals) = postSolution
		SolutionGuid = {26D0B02F-6932-40E6-8DE5-8EDCDE22A915}
	EndGlobalSection
EndGlobal
