
Microsoft Visual Studio Solution File, Format Version 12.00
# Visual Studio Version 16
VisualStudioVersion = 16.0.31613.86
MinimumVisualStudioVersion = 10.0.40219.1
Project("{FAE04EC0-301F-11D3-BF4B-00C04F79EFBC}") = "Constructor", "Constructor\Constructor.csproj", "{32FE8C28-EFCB-439C-BF84-B646E833EE75}"
EndProject
Global
	GlobalSection(SolutionConfigurationPlatforms) = preSolution
		Debug|Any CPU = Debug|Any CPU
		Release|Any CPU = Release|Any CPU
	EndGlobalSection
	GlobalSection(ProjectConfigurationPlatforms) = postSolution
		{32FE8C28-EFCB-439C-BF84-B646E833EE75}.Debug|Any CPU.ActiveCfg = Debug|Any CPU
		{32FE8C28-EFCB-439C-BF84-B646E833EE75}.Debug|Any CPU.Build.0 = Debug|Any CPU
		{32FE8C28-EFCB-439C-BF84-B646E833EE75}.Release|Any CPU.ActiveCfg = Release|Any CPU
		{32FE8C28-EFCB-439C-BF84-B646E833EE75}.Release|Any CPU.Build.0 = Release|Any CPU
	EndGlobalSection
	GlobalSection(SolutionProperties) = preSolution
		HideSolutionNode = FALSE
	EndGlobalSection
	GlobalSection(ExtensibilityGlobals) = postSolution
		SolutionGuid = {7BBA4E13-4127-43C4-BD1B-DE78F6A88746}
	EndGlobalSection
EndGlobal
