
Microsoft Visual Studio Solution File, Format Version 12.00
# Visual Studio Version 16
VisualStudioVersion = 16.0.31613.86
MinimumVisualStudioVersion = 10.0.40219.1
Project("{FAE04EC0-301F-11D3-BF4B-00C04F79EFBC}") = "Music Video Webpage", "Music Video Webpage\Music Video Webpage.csproj", "{376445BC-EEE1-4689-BBA8-4D04CB13DC73}"
EndProject
Global
	GlobalSection(SolutionConfigurationPlatforms) = preSolution
		Debug|Any CPU = Debug|Any CPU
		Release|Any CPU = Release|Any CPU
	EndGlobalSection
	GlobalSection(ProjectConfigurationPlatforms) = postSolution
		{376445BC-EEE1-4689-BBA8-4D04CB13DC73}.Debug|Any CPU.ActiveCfg = Debug|Any CPU
		{376445BC-EEE1-4689-BBA8-4D04CB13DC73}.Debug|Any CPU.Build.0 = Debug|Any CPU
		{376445BC-EEE1-4689-BBA8-4D04CB13DC73}.Release|Any CPU.ActiveCfg = Release|Any CPU
		{376445BC-EEE1-4689-BBA8-4D04CB13DC73}.Release|Any CPU.Build.0 = Release|Any CPU
	EndGlobalSection
	GlobalSection(SolutionProperties) = preSolution
		HideSolutionNode = FALSE
	EndGlobalSection
	GlobalSection(ExtensibilityGlobals) = postSolution
		SolutionGuid = {6ABBFFCA-FB94-4416-9CED-E4247D1E4766}
	EndGlobalSection
EndGlobal
