
Microsoft Visual Studio Solution File, Format Version 12.00
# Visual Studio Version 16
VisualStudioVersion = 16.0.31613.86
MinimumVisualStudioVersion = 10.0.40219.1
Project("{FAE04EC0-301F-11D3-BF4B-00C04F79EFBC}") = "Anonymous Income Comparison Program", "Anonymous Income Comparison Program\Anonymous Income Comparison Program.csproj", "{BAC9518D-6FB3-4DB5-A5D7-1552A4CD1970}"
EndProject
Global
	GlobalSection(SolutionConfigurationPlatforms) = preSolution
		Debug|Any CPU = Debug|Any CPU
		Release|Any CPU = Release|Any CPU
	EndGlobalSection
	GlobalSection(ProjectConfigurationPlatforms) = postSolution
		{BAC9518D-6FB3-4DB5-A5D7-1552A4CD1970}.Debug|Any CPU.ActiveCfg = Debug|Any CPU
		{BAC9518D-6FB3-4DB5-A5D7-1552A4CD1970}.Debug|Any CPU.Build.0 = Debug|Any CPU
		{BAC9518D-6FB3-4DB5-A5D7-1552A4CD1970}.Release|Any CPU.ActiveCfg = Release|Any CPU
		{BAC9518D-6FB3-4DB5-A5D7-1552A4CD1970}.Release|Any CPU.Build.0 = Release|Any CPU
	EndGlobalSection
	GlobalSection(SolutionProperties) = preSolution
		HideSolutionNode = FALSE
	EndGlobalSection
	GlobalSection(ExtensibilityGlobals) = postSolution
		SolutionGuid = {FAFC7AB4-7E9D-438C-ADF9-A2D588F8F0C0}
	EndGlobalSection
EndGlobal
