
Microsoft Visual Studio Solution File, Format Version 12.00
# Visual Studio Version 16
VisualStudioVersion = 16.0.31613.86
MinimumVisualStudioVersion = 10.0.40219.1
Project("{FAE04EC0-301F-11D3-BF4B-00C04F79EFBC}") = "Method Class", "Method Class\Method Class.csproj", "{3780158A-0B78-48AB-AEE7-8B1D18316865}"
EndProject
Global
	GlobalSection(SolutionConfigurationPlatforms) = preSolution
		Debug|Any CPU = Debug|Any CPU
		Release|Any CPU = Release|Any CPU
	EndGlobalSection
	GlobalSection(ProjectConfigurationPlatforms) = postSolution
		{3780158A-0B78-48AB-AEE7-8B1D18316865}.Debug|Any CPU.ActiveCfg = Debug|Any CPU
		{3780158A-0B78-48AB-AEE7-8B1D18316865}.Debug|Any CPU.Build.0 = Debug|Any CPU
		{3780158A-0B78-48AB-AEE7-8B1D18316865}.Release|Any CPU.ActiveCfg = Release|Any CPU
		{3780158A-0B78-48AB-AEE7-8B1D18316865}.Release|Any CPU.Build.0 = Release|Any CPU
	EndGlobalSection
	GlobalSection(SolutionProperties) = preSolution
		HideSolutionNode = FALSE
	EndGlobalSection
	GlobalSection(ExtensibilityGlobals) = postSolution
		SolutionGuid = {5C648241-ADC5-4465-9406-CE41E543BC90}
	EndGlobalSection
EndGlobal
